github.com/SENERGY-Platform/go-base-http-client v0.0.2 h1:sF4QDRkNjhnKQh6d8ujfxQRpeWzSTiBeYIK/aNWWOls=
github.com/SENERGY-Platform/go-base-http-client v0.0.2/go.mod h1:NfKW/relIVTkMXhz4OqZlzJXYPQUYEKxwqou8D0B/Kw=
github.com/SENERGY-Platform/go-service-base/srv-info-hdl v0.0.3 h1:/A2bZFh3Aol1uXuR0YAxVB4POcRSshBIG2qfIEIW+gg=
github.com/SENERGY-Platform/go-service-base/srv-info-hdl v0.0.3/go.mod h1:Go9v41HF8FYnGr40jnzl8pfT7xvls3HXinJOiPj4Yh0=
github.com/SENERGY-Platform/go-service-base/srv-info-hdl/lib v0.0.2 h1:Bcdxt7i3DGGvlwS6U3NY9eGJjiPuv3ZpbMwebEUV+nE=
github.com/SENERGY-Platform/go-service-base/srv-info-hdl/lib v0.0.2/go.mod h1:vcvyLaSoZsScGQ8K/OuJxlANTs5FPozsLvPzFUZgiVM=
github.com/SENERGY-Platform/go-service-base/util v0.14.1 h1:Dy5JIVIWnVDiq5//RBGRF0JKAIG4TaqFsa80wtlfMKE=
github.com/SENERGY-Platform/go-service-base/util v0.14.1/go.mod h1:8W+F6aCpUnrP6SsxVStk+0MZqF71wJADGySKmZzkFBM=
github.com/SENERGY-Platform/go-service-base/watchdog v0.4.2 h1:y88XOKuUbJdwvtDgUj9h2vTI+gwZvyB1giwoMvStrGI=
github.com/SENERGY-Platform/go-service-base/watchdog v0.4.2/go.mod h1:g3L+QFVvGghsnOsB4V1dkoq4egiFGUoD1x83g2H6Imw=
github.com/eclipse/paho.mqtt.golang v1.4.3 h1:2kwcUGn8seMUfWndX0hGbvH8r7crgcJguQNCyp70xik=
github.com/eclipse/paho.mqtt.golang v1.4.3/go.mod h1:CSYvoAlsMkhYOXh/oKyxa8EcBci6dVkLCbo5tTC1RIE=
github.com/gorilla/websocket v1.5.0 h1:PPwGk2jz7EePpoHN/+ClbZu8SPxiqlu12wZP/3sWmnc=
github.com/gorilla/websocket v1.5.0/go.mod h1:YR8l580nyteQvAITg2hZ9XVh4b55+EU/adAjf1fMHhE=
github.com/y-du/go-env-loader v0.5.2 h1:LxubTfx7zl1VpBNzUQidSp3yub3/7mxMg63QSuRlhd4=
github.com/y-du/go-env-loader v0.5.2/go.mod h1:QBaFGtrTdp4eiMUjg9UFf1F3TzbEbUhWDeHYyEsqs8Y=
github.com/y-du/go-log-level v0.2.4 h1:COCFNczF7b7yd5leEAVMnO6OYaLZVu9lsrk68Qln6t4=
github.com/y-du/go-log-level v0.2.4/go.mod h1:lhCvJlDCuSC9GfmtVDXuXc7lbbAd8igxl58qK8SjPX8=
golang.org/x/net v0.8.0 h1:Zrh2ngAOFYneWTAIAPethzeaQLuHwhuBkuV6ZiRnUaQ=
golang.org/x/net v0.8.0/go.mod h1:QVkue5JL9kW//ek3r6jTKnTFis1tRmNAW2P1shuFdJc=
golang.org/x/sync v0.1.0 h1:wsuoTGHzEhffawBOhz5CYhcrV4IdKZbEyZjBMuTp12o=
golang.org/x/sync v0.1.0/go.mod h1:RxMgew5VJxzue5/jJTE5uejpjVlOe/izrB70Jof72aM=
