github.com/SENERGY-Platform/go-base-http-client v0.0.2 h1:sF4QDRkNjhnKQh6d8ujfxQRpeWzSTiBeYIK/aNWWOls=
github.com/SENERGY-Platform/go-base-http-client v0.0.2/go.mod h1:NfKW/relIVTkMXhz4OqZlzJXYPQUYEKxwqou8D0B/Kw=
github.com/SENERGY-Platform/go-service-base/context-hdl v0.0.3 h1:deqgKAtt5NSbIssrkJMm3btQ8IttRbencDshOzbWle4=
github.com/SENERGY-Platform/go-service-base/context-hdl v0.0.3/go.mod h1:5VMJNUMFo9tzNHFUx+RcPAIpimYreqhKN1XvTA3QdnE=
github.com/SENERGY-Platform/go-service-base/srv-info-hdl v0.0.3 h1:/A2bZFh3Aol1uXuR0YAxVB4POcRSshBIG2qfIEIW+gg=
github.com/SENERGY-Platform/go-service-base/srv-info-hdl v0.0.3/go.mod h1:Go9v41HF8FYnGr40jnzl8pfT7xvls3HXinJOiPj4Yh0=
github.com/SENERGY-Platform/go-service-base/srv-info-hdl/lib v0.0.2 h1:Bcdxt7i3DGGvlwS6U3NY9eGJjiPuv3ZpbMwebEUV+nE=
github.com/SENERGY-Platform/go-service-base/srv-info-hdl/lib v0.0.2/go.mod h1:vcvyLaSoZsScGQ8K/OuJxlANTs5FPozsLvPzFUZgiVM=
github.com/SENERGY-Platform/go-service-base/util v1.0.0 h1:zxhKOn/9I1aRe5Fjvzj8g9rTWcdRsUl+vcgdI1Ph7Hg=
github.com/SENERGY-Platform/go-service-base/util v1.0.0/go.mod h1:u1wXTQAfjKo+4tgXb6HDkVUpaxJR46SEN5qqEi5cliE=
github.com/SENERGY-Platform/go-service-base/watchdog v0.4.2 h1:y88XOKuUbJdwvtDgUj9h2vTI+gwZvyB1giwoMvStrGI=
github.com/SENERGY-Platform/go-service-base/watchdog v0.4.2/go.mod h1:g3L+QFVvGghsnOsB4V1dkoq4egiFGUoD1x83g2H6Imw=
github.com/SENERGY-Platform/models/go v0.0.0-20230824080159-16585960df38 h1:PDvFwIJBnFyKt1KeepkABNIS57+WhVj4vBw7X5JGZJw=
github.com/SENERGY-Platform/models/go v0.0.0-20230824080159-16585960df38/go.mod h1:bCREPNRN4P8oxLgpC3/ZKK4jXSy4MSPXoiomhohE+aw=
github.com/eclipse/paho.mqtt.golang v1.4.3 h1:2kwcUGn8seMUfWndX0hGbvH8r7crgcJguQNCyp70xik=
github.com/eclipse/paho.mqtt.golang v1.4.3/go.mod h1:CSYvoAlsMkhYOXh/oKyxa8EcBci6dVkLCbo5tTC1RIE=
github.com/google/uuid v1.6.0 h1:NIvaJDMOsjHA8n1jAhLSgzrAzy1Hgr+hNrb57e+94F0=
github.com/google/uuid v1.6.0/go.mod h1:TIyPZe4MgqvfeYDBFedMoGGpEw/LqOeaOT+nhxU+yHo=
github.com/gorilla/websocket v1.5.1 h1:gmztn0JnHVt9JZquRuzLw3g4wouNVzKL15iLr/zn/QY=
github.com/gorilla/websocket v1.5.1/go.mod h1:x3kM2JMyaluk02fnUJpQuwD2dCS5NDG2ZHL0uE0tcaY=
github.com/y-du/go-env-loader v0.5.2 h1:LxubTfx7zl1VpBNzUQidSp3yub3/7mxMg63QSuRlhd4=
github.com/y-du/go-env-loader v0.5.2/go.mod h1:QBaFGtrTdp4eiMUjg9UFf1F3TzbEbUhWDeHYyEsqs8Y=
github.com/y-du/go-log-level v1.0.0 h1:Q4Ffqxmf/tn9DBbOMwcjEGkWwQyYMwPn+FR06k5HJ70=
github.com/y-du/go-log-level v1.0.0/go.mod h1:lhCvJlDCuSC9GfmtVDXuXc7lbbAd8igxl58qK8SjPX8=
golang.org/x/net v0.22.0 h1:9sGLhx7iRIHEiX0oAJ3MRZMUCElJgy7Br1nO+AMN3Tc=
golang.org/x/net v0.22.0/go.mod h1:JKghWKKOSdJwpW2GEx0Ja7fmaKnMsbu+MWVZTokSYmg=
golang.org/x/sync v0.6.0 h1:5BMeUDZ7vkXGfEr1x9B4bRcTH4lpkTkpdh0T/J+qjbQ=
golang.org/x/sync v0.6.0/go.mod h1:Czt+wKu1gCyEFDUtn0jG5QVvpJ6rzVqr5aXyt9drQfk=
